
Microsoft Visual Studio Solution File, Format Version 11.00
# Visual Studio 2010
Project("{FAE04EC0-301F-11D3-BF4B-00C04F79EFBC}") = "IdealLamp", "Assembly-CSharp.csproj", "{D9F75963-E13B-B773-2BB9-06C0DF736ABE}"
EndProject
Project("{FAE04EC0-301F-11D3-BF4B-00C04F79EFBC}") = "IdealLamp", "Assembly-CSharp-Editor.csproj", "{461BFD26-A8A5-AB1E-110E-BA172FA5BD08}"
EndProject
Global
	GlobalSection(SolutionConfigurationPlatforms) = preSolution
		Debug|Any CPU = Debug|Any CPU
		Release|Any CPU = Release|Any CPU
	EndGlobalSection
	GlobalSection(ProjectConfigurationPlatforms) = postSolution
		{D9F75963-E13B-B773-2BB9-06C0DF736ABE}.Debug|Any CPU.ActiveCfg = Debug|Any CPU
		{D9F75963-E13B-B773-2BB9-06C0DF736ABE}.Debug|Any CPU.Build.0 = Debug|Any CPU
		{D9F75963-E13B-B773-2BB9-06C0DF736ABE}.Release|Any CPU.ActiveCfg = Release|Any CPU
		{D9F75963-E13B-B773-2BB9-06C0DF736ABE}.Release|Any CPU.Build.0 = Release|Any CPU
		{461BFD26-A8A5-AB1E-110E-BA172FA5BD08}.Debug|Any CPU.ActiveCfg = Debug|Any CPU
		{461BFD26-A8A5-AB1E-110E-BA172FA5BD08}.Debug|Any CPU.Build.0 = Debug|Any CPU
		{461BFD26-A8A5-AB1E-110E-BA172FA5BD08}.Release|Any CPU.ActiveCfg = Release|Any CPU
		{461BFD26-A8A5-AB1E-110E-BA172FA5BD08}.Release|Any CPU.Build.0 = Release|Any CPU
	EndGlobalSection
	GlobalSection(SolutionProperties) = preSolution
		HideSolutionNode = FALSE
	EndGlobalSection
	GlobalSection(MonoDevelopProperties) = preSolution
		StartupItem = Assembly-CSharp.csproj
	EndGlobalSection
EndGlobal
